
Microsoft Visual Studio Solution File, Format Version 12.00
# Visual Studio Version 17
VisualStudioVersion = 17.0.31919.166
MinimumVisualStudioVersion = 10.0.40219.1
Project("{FAE04EC0-301F-11D3-BF4B-00C04F79EFBC}") = "WinFormsApp1", "WinFormsApp1\WinFormsApp1.csproj", "{088ACBC4-62FA-4227-AA28-8DA750B6ADF7}"
EndProject
Global
	GlobalSection(SolutionConfigurationPlatforms) = preSolution
		Debug|Any CPU = Debug|Any CPU
		Release|Any CPU = Release|Any CPU
	EndGlobalSection
	GlobalSection(ProjectConfigurationPlatforms) = postSolution
		{088ACBC4-62FA-4227-AA28-8DA750B6ADF7}.Debug|Any CPU.ActiveCfg = Debug|Any CPU
		{088ACBC4-62FA-4227-AA28-8DA750B6ADF7}.Debug|Any CPU.Build.0 = Debug|Any CPU
		{088ACBC4-62FA-4227-AA28-8DA750B6ADF7}.Release|Any CPU.ActiveCfg = Release|Any CPU
		{088ACBC4-62FA-4227-AA28-8DA750B6ADF7}.Release|Any CPU.Build.0 = Release|Any CPU
	EndGlobalSection
	GlobalSection(SolutionProperties) = preSolution
		HideSolutionNode = FALSE
	EndGlobalSection
	GlobalSection(ExtensibilityGlobals) = postSolution
		SolutionGuid = {756FE86B-82A4-4013-853D-55ED332D18DC}
	EndGlobalSection
EndGlobal
